
Microsoft Visual Studio Solution File, Format Version 12.00
# Visual Studio Version 16
VisualStudioVersion = 16.0.31105.61
MinimumVisualStudioVersion = 10.0.40219.1
Project("{FAE04EC0-301F-11D3-BF4B-00C04F79EFBC}") = "ProblemSix", "ProblemSix\ProblemSix.csproj", "{1604F571-5EFD-4864-BE84-78F80E3CE737}"
EndProject
Global
	GlobalSection(SolutionConfigurationPlatforms) = preSolution
		Debug|Any CPU = Debug|Any CPU
		Release|Any CPU = Release|Any CPU
	EndGlobalSection
	GlobalSection(ProjectConfigurationPlatforms) = postSolution
		{1604F571-5EFD-4864-BE84-78F80E3CE737}.Debug|Any CPU.ActiveCfg = Debug|Any CPU
		{1604F571-5EFD-4864-BE84-78F80E3CE737}.Debug|Any CPU.Build.0 = Debug|Any CPU
		{1604F571-5EFD-4864-BE84-78F80E3CE737}.Release|Any CPU.ActiveCfg = Release|Any CPU
		{1604F571-5EFD-4864-BE84-78F80E3CE737}.Release|Any CPU.Build.0 = Release|Any CPU
	EndGlobalSection
	GlobalSection(SolutionProperties) = preSolution
		HideSolutionNode = FALSE
	EndGlobalSection
	GlobalSection(ExtensibilityGlobals) = postSolution
		SolutionGuid = {5B1C9529-5310-417F-9436-0447B7E71D32}
	EndGlobalSection
EndGlobal
